
Microsoft Visual Studio Solution File, Format Version 12.00
# Visual Studio Version 17
VisualStudioVersion = 17.4.33110.190
MinimumVisualStudioVersion = 10.0.40219.1
Project("{9A19103F-16F7-4668-BE54-9A1E7A4F7556}") = "Calculator", "Calculator\Calculator.csproj", "{12B05232-4E5A-40A8-8381-511881DFCC11}"
EndProject
Project("{FAE04EC0-301F-11D3-BF4B-00C04F79EFBC}") = "CalculatorLibraries", "CalculatorLibraries\CalculatorLibraries.csproj", "{0FA1F24B-FEA5-4DE6-A0FE-B4D2EDD72D8E}"
EndProject
Project("{FAE04EC0-301F-11D3-BF4B-00C04F79EFBC}") = "Test", "Test\Test.csproj", "{98F55B3D-8299-4418-9E2D-211BB00D0739}"
EndProject
Global
	GlobalSection(SolutionConfigurationPlatforms) = preSolution
		Debug|Any CPU = Debug|Any CPU
		Release|Any CPU = Release|Any CPU
	EndGlobalSection
	GlobalSection(ProjectConfigurationPlatforms) = postSolution
		{12B05232-4E5A-40A8-8381-511881DFCC11}.Debug|Any CPU.ActiveCfg = Debug|Any CPU
		{12B05232-4E5A-40A8-8381-511881DFCC11}.Debug|Any CPU.Build.0 = Debug|Any CPU
		{12B05232-4E5A-40A8-8381-511881DFCC11}.Release|Any CPU.ActiveCfg = Release|Any CPU
		{12B05232-4E5A-40A8-8381-511881DFCC11}.Release|Any CPU.Build.0 = Release|Any CPU
		{0FA1F24B-FEA5-4DE6-A0FE-B4D2EDD72D8E}.Debug|Any CPU.ActiveCfg = Debug|Any CPU
		{0FA1F24B-FEA5-4DE6-A0FE-B4D2EDD72D8E}.Debug|Any CPU.Build.0 = Debug|Any CPU
		{0FA1F24B-FEA5-4DE6-A0FE-B4D2EDD72D8E}.Release|Any CPU.ActiveCfg = Release|Any CPU
		{0FA1F24B-FEA5-4DE6-A0FE-B4D2EDD72D8E}.Release|Any CPU.Build.0 = Release|Any CPU
		{98F55B3D-8299-4418-9E2D-211BB00D0739}.Debug|Any CPU.ActiveCfg = Debug|Any CPU
		{98F55B3D-8299-4418-9E2D-211BB00D0739}.Debug|Any CPU.Build.0 = Debug|Any CPU
		{98F55B3D-8299-4418-9E2D-211BB00D0739}.Release|Any CPU.ActiveCfg = Release|Any CPU
		{98F55B3D-8299-4418-9E2D-211BB00D0739}.Release|Any CPU.Build.0 = Release|Any CPU
	EndGlobalSection
	GlobalSection(SolutionProperties) = preSolution
		HideSolutionNode = FALSE
	EndGlobalSection
	GlobalSection(ExtensibilityGlobals) = postSolution
		SolutionGuid = {C32DDDF2-39E4-4F75-A8B8-DD66ADAF02A8}
	EndGlobalSection
EndGlobal
